// !$*UTF8*$!
{
	archiveVersion = 1;
	classes = {
	};
	objectVersion = 46;
	objects = {

/* Begin PBXBuildFile section */
		30C85E5B1DF452F20018851C /* main.m in Sources */ = {isa = PBXBuildFile; fileRef = 30C85E5A1DF452F20018851C /* main.m */; };
		30C85E5E1DF452F20018851C /* AppDelegate.m in Sources */ = {isa = PBXBuildFile; fileRef = 30C85E5D1DF452F20018851C /* AppDelegate.m */; };
		30C85E641DF452F20018851C /* Main.storyboard in Resources */ = {isa = PBXBuildFile; fileRef = 30C85E621DF452F20018851C /* Main.storyboard */; };
		30C85E661DF452F20018851C /* Assets.xcassets in Resources */ = {isa = PBXBuildFile; fileRef = 30C85E651DF452F20018851C /* Assets.xcassets */; };
		30C85E691DF452F20018851C /* LaunchScreen.storyboard in Resources */ = {isa = PBXBuildFile; fileRef = 30C85E671DF452F20018851C /* LaunchScreen.storyboard */; };
		30D89E3E1DF4573E004E0BD7 /* Book.m in Sources */ = {isa = PBXBuildFile; fileRef = 30D89E371DF4573E004E0BD7 /* Book.m */; };
		30D89E3F1DF4573E004E0BD7 /* RequestDetailViewController.m in Sources */ = {isa = PBXBuildFile; fileRef = 30D89E391DF4573E004E0BD7 /* RequestDetailViewController.m */; };
		30D89E401DF4573E004E0BD7 /* RequestNetViewController.m in Sources */ = {isa = PBXBuildFile; fileRef = 30D89E3B1DF4573E004E0BD7 /* RequestNetViewController.m */; };
		30D89E411DF4573E004E0BD7 /* RequestViewModel.m in Sources */ = {isa = PBXBuildFile; fileRef = 30D89E3D1DF4573E004E0BD7 /* RequestViewModel.m */; };
		36EC454D7637D02FD284E8B2 /* Pods_RACDoubanRequest.framework in Frameworks */ = {isa = PBXBuildFile; fileRef = 1767C6DFCDE0442FDE2E9B19 /* Pods_RACDoubanRequest.framework */; };
/* End PBXBuildFile section */

/* Begin PBXFileReference section */
		1767C6DFCDE0442FDE2E9B19 /* Pods_RACDoubanRequest.framework */ = {isa = PBXFileReference; explicitFileType = wrapper.framework; includeInIndex = 0; path = Pods_RACDoubanRequest.framework; sourceTree = BUILT_PRODUCTS_DIR; };
		30C85E561DF452F20018851C /* RACDoubanRequest.app */ = {isa = PBXFileReference; explicitFileType = wrapper.application; includeInIndex = 0; path = RACDoubanRequest.app; sourceTree = BUILT_PRODUCTS_DIR; };
		30C85E5A1DF452F20018851C /* main.m */ = {isa = PBXFileReference; lastKnownFileType = sourcecode.c.objc; path = main.m; sourceTree = "<group>"; };
		30C85E5C1DF452F20018851C /* AppDelegate.h */ = {isa = PBXFileReference; lastKnownFileType = sourcecode.c.h; path = AppDelegate.h; sourceTree = "<group>"; };
		30C85E5D1DF452F20018851C /* AppDelegate.m */ = {isa = PBXFileReference; lastKnownFileType = sourcecode.c.objc; path = AppDelegate.m; sourceTree = "<group>"; };
		30C85E631DF452F20018851C /* Base */ = {isa = PBXFileReference; lastKnownFileType = file.storyboard; name = Base; path = Base.lproj/Main.storyboard; sourceTree = "<group>"; };
		30C85E651DF452F20018851C /* Assets.xcassets */ = {isa = PBXFileReference; lastKnownFileType = folder.assetcatalog; path = Assets.xcassets; sourceTree = "<group>"; };
		30C85E681DF452F20018851C /* Base */ = {isa = PBXFileReference; lastKnownFileType = file.storyboard; name = Base; path = Base.lproj/LaunchScreen.storyboard; sourceTree = "<group>"; };
		30C85E6A1DF452F20018851C /* Info.plist */ = {isa = PBXFileReference; lastKnownFileType = text.plist.xml; path = Info.plist; sourceTree = "<group>"; };
		30D89E361DF4573E004E0BD7 /* Book.h */ = {isa = PBXFileReference; fileEncoding = 4; lastKnownFileType = sourcecode.c.h; path = Book.h; sourceTree = "<group>"; };
		30D89E371DF4573E004E0BD7 /* Book.m */ = {isa = PBXFileReference; fileEncoding = 4; lastKnownFileType = sourcecode.c.objc; path = Book.m; sourceTree = "<group>"; };
		30D89E381DF4573E004E0BD7 /* RequestDetailViewController.h */ = {isa = PBXFileReference; fileEncoding = 4; lastKnownFileType = sourcecode.c.h; path = RequestDetailViewController.h; sourceTree = "<group>"; };
		30D89E391DF4573E004E0BD7 /* RequestDetailViewController.m */ = {isa = PBXFileReference; fileEncoding = 4; lastKnownFileType = sourcecode.c.objc; path = RequestDetailViewController.m; sourceTree = "<group>"; };
		30D89E3A1DF4573E004E0BD7 /* RequestNetViewController.h */ = {isa = PBXFileReference; fileEncoding = 4; lastKnownFileType = sourcecode.c.h; path = RequestNetViewController.h; sourceTree = "<group>"; };
		30D89E3B1DF4573E004E0BD7 /* RequestNetViewController.m */ = {isa = PBXFileReference; fileEncoding = 4; lastKnownFileType = sourcecode.c.objc; path = RequestNetViewController.m; sourceTree = "<group>"; };
		30D89E3C1DF4573E004E0BD7 /* RequestViewModel.h */ = {isa = PBXFileReference; fileEncoding = 4; lastKnownFileType = sourcecode.c.h; path = RequestViewModel.h; sourceTree = "<group>"; };
		30D89E3D1DF4573E004E0BD7 /* RequestViewModel.m */ = {isa = PBXFileReference; fileEncoding = 4; lastKnownFileType = sourcecode.c.objc; path = RequestViewModel.m; sourceTree = "<group>"; };
		789C6DE4BC8B282D230163D9 /* Pods-RACDoubanRequest.release.xcconfig */ = {isa = PBXFileReference; includeInIndex = 1; lastKnownFileType = text.xcconfig; name = "Pods-RACDoubanRequest.release.xcconfig"; path = "Pods/Target Support Files/Pods-RACDoubanRequest/Pods-RACDoubanRequest.release.xcconfig"; sourceTree = "<group>"; };
		C25A6D37CB52FD6EE3F4C14C /* Pods-RACDoubanRequest.debug.xcconfig */ = {isa = PBXFileReference; includeInIndex = 1; lastKnownFileType = text.xcconfig; name = "Pods-RACDoubanRequest.debug.xcconfig"; path = "Pods/Target Support Files/Pods-RACDoubanRequest/Pods-RACDoubanRequest.debug.xcconfig"; sourceTree = "<group>"; };
/* End PBXFileReference section */

/* Begin PBXFrameworksBuildPhase section */
		30C85E531DF452F20018851C /* Frameworks */ = {
			isa = PBXFrameworksBuildPhase;
			buildActionMask = 2147483647;
			files = (
				36EC454D7637D02FD284E8B2 /* Pods_RACDoubanRequest.framework in Frameworks */,
			);
			runOnlyForDeploymentPostprocessing = 0;
		};
/* End PBXFrameworksBuildPhase section */

/* Begin PBXGroup section */
		2A52ADA80DBBC0DDB4D324C1 /* Frameworks */ = {
			isa = PBXGroup;
			children = (
				1767C6DFCDE0442FDE2E9B19 /* Pods_RACDoubanRequest.framework */,
			);
			name = Frameworks;
			sourceTree = "<group>";
		};
		30C85E4D1DF452F20018851C = {
			isa = PBXGroup;
			children = (
				30C85E581DF452F20018851C /* RACDoubanRequest */,
				30C85E571DF452F20018851C /* Products */,
				E4B0E817A1C049200D4F405C /* Pods */,
				2A52ADA80DBBC0DDB4D324C1 /* Frameworks */,
			);
			sourceTree = "<group>";
		};
		30C85E571DF452F20018851C /* Products */ = {
			isa = PBXGroup;
			children = (
				30C85E561DF452F20018851C /* RACDoubanRequest.app */,
			);
			name = Products;
			sourceTree = "<group>";
		};
		30C85E581DF452F20018851C /* RACDoubanRequest */ = {
			isa = PBXGroup;
			children = (
				30C85E5C1DF452F20018851C /* AppDelegate.h */,
				30C85E5D1DF452F20018851C /* AppDelegate.m */,
				30D89E381DF4573E004E0BD7 /* RequestDetailViewController.h */,
				30D89E391DF4573E004E0BD7 /* RequestDetailViewController.m */,
				30D89E3A1DF4573E004E0BD7 /* RequestNetViewController.h */,
				30D89E3B1DF4573E004E0BD7 /* RequestNetViewController.m */,
				30D89E3C1DF4573E004E0BD7 /* RequestViewModel.h */,
				30D89E3D1DF4573E004E0BD7 /* RequestViewModel.m */,
				30D89E361DF4573E004E0BD7 /* Book.h */,
				30D89E371DF4573E004E0BD7 /* Book.m */,
				30C85E621DF452F20018851C /* Main.storyboard */,
				30C85E651DF452F20018851C /* Assets.xcassets */,
				30C85E671DF452F20018851C /* LaunchScreen.storyboard */,
				30C85E6A1DF452F20018851C /* Info.plist */,
				30C85E591DF452F20018851C /* Supporting Files */,
			);
			path = RACDoubanRequest;
			sourceTree = "<group>";
		};
		30C85E591DF452F20018851C /* Supporting Files */ = {
			isa = PBXGroup;
			children = (
				30C85E5A1DF452F20018851C /* main.m */,
			);
			name = "Supporting Files";
			sourceTree = "<group>";
		};
		E4B0E817A1C049200D4F405C /* Pods */ = {
			isa = PBXGroup;
			children = (
				C25A6D37CB52FD6EE3F4C14C /* Pods-RACDoubanRequest.debug.xcconfig */,
				789C6DE4BC8B282D230163D9 /* Pods-RACDoubanRequest.release.xcconfig */,
			);
			name = Pods;
			sourceTree = "<group>";
		};
/* End PBXGroup section */

/* Begin PBXNativeTarget section */
		30C85E551DF452F20018851C /* RACDoubanRequest */ = {
			isa = PBXNativeTarget;
			buildConfigurationList = 30C85E6D1DF452F20018851C /* Build configuration list for PBXNativeTarget "RACDoubanRequest" */;
			buildPhases = (
				54CBA14B54306134B4DE89E5 /* [CP] Check Pods Manifest.lock */,
				30C85E521DF452F20018851C /* Sources */,
				30C85E531DF452F20018851C /* Frameworks */,
				30C85E541DF452F20018851C /* Resources */,
				E0D7894CD0DF70A87CA100D8 /* [CP] Embed Pods Frameworks */,
				963C22850226C2A8193FEC80 /* [CP] Copy Pods Resources */,
			);
			buildRules = (
			);
			dependencies = (
			);
			name = RACDoubanRequest;
			productName = RACDoubanRequest;
			productReference = 30C85E561DF452F20018851C /* RACDoubanRequest.app */;
			productType = "com.apple.product-type.application";
		};
/* End PBXNativeTarget section */

/* Begin PBXProject section */
		30C85E4E1DF452F20018851C /* Project object */ = {
			isa = PBXProject;
			attributes = {
				LastUpgradeCheck = 0810;
				ORGANIZATIONNAME = qsyMac;
				TargetAttributes = {
					30C85E551DF452F20018851C = {
						CreatedOnToolsVersion = 8.1;
						ProvisioningStyle = Automatic;
					};
				};
			};
			buildConfigurationList = 30C85E511DF452F20018851C /* Build configuration list for PBXProject "RACDoubanRequest" */;
			compatibilityVersion = "Xcode 3.2";
			developmentRegion = English;
			hasScannedForEncodings = 0;
			knownRegions = (
				en,
				Base,
			);
			mainGroup = 30C85E4D1DF452F20018851C;
			productRefGroup = 30C85E571DF452F20018851C /* Products */;
			projectDirPath = "";
			projectRoot = "";
			targets = (
				30C85E551DF452F20018851C /* RACDoubanRequest */,
			);
		};
/* End PBXProject section */

/* Begin PBXResourcesBuildPhase section */
		30C85E541DF452F20018851C /* Resources */ = {
			isa = PBXResourcesBuildPhase;
			buildActionMask = 2147483647;
			files = (
				30C85E691DF452F20018851C /* LaunchScreen.storyboard in Resources */,
				30C85E661DF452F20018851C /* Assets.xcassets in Resources */,
				30C85E641DF452F20018851C /* Main.storyboard in Resources */,
			);
			runOnlyForDeploymentPostprocessing = 0;
		};
/* End PBXResourcesBuildPhase section */

/* Begin PBXShellScriptBuildPhase section */
		54CBA14B54306134B4DE89E5 /* [CP] Check Pods Manifest.lock */ = {
			isa = PBXShellScriptBuildPhase;
			buildActionMask = 2147483647;
			files = (
			);
			inputPaths = (
			);
			name = "[CP] Check Pods Manifest.lock";
			outputPaths = (
			);
			runOnlyForDeploymentPostprocessing = 0;
			shellPath = /bin/sh;
			shellScript = "diff \"${PODS_ROOT}/../Podfile.lock\" \"${PODS_ROOT}/Manifest.lock\" > /dev/null\nif [[ $? != 0 ]] ; then\n    cat << EOM\nerror: The sandbox is not in sync with the Podfile.lock. Run 'pod install' or update your CocoaPods installation.\nEOM\n    exit 1\nfi\n";
			showEnvVarsInLog = 0;
		};
		963C22850226C2A8193FEC80 /* [CP] Copy Pods Resources */ = {
			isa = PBXShellScriptBuildPhase;
			buildActionMask = 2147483647;
			files = (
			);
			inputPaths = (
			);
			name = "[CP] Copy Pods Resources";
			outputPaths = (
			);
			runOnlyForDeploymentPostprocessing = 0;
			shellPath = /bin/sh;
			shellScript = "\"${SRCROOT}/Pods/Target Support Files/Pods-RACDoubanRequest/Pods-RACDoubanRequest-resources.sh\"\n";
			showEnvVarsInLog = 0;
		};
		E0D7894CD0DF70A87CA100D8 /* [CP] Embed Pods Frameworks */ = {
			isa = PBXShellScriptBuildPhase;
			buildActionMask = 2147483647;
			files = (
			);
			inputPaths = (
			);
			name = "[CP] Embed Pods Frameworks";
			outputPaths = (
			);
			runOnlyForDeploymentPostprocessing = 0;
			shellPath = /bin/sh;
			shellScript = "\"${SRCROOT}/Pods/Target Support Files/Pods-RACDoubanRequest/Pods-RACDoubanRequest-frameworks.sh\"\n";
			showEnvVarsInLog = 0;
		};
/* End PBXShellScriptBuildPhase section */

/* Begin PBXSourcesBuildPhase section */
		30C85E521DF452F20018851C /* Sources */ = {
			isa = PBXSourcesBuildPhase;
			buildActionMask = 2147483647;
			files = (
				30C85E5E1DF452F20018851C /* AppDelegate.m in Sources */,
				30D89E401DF4573E004E0BD7 /* RequestNetViewController.m in Sources */,
				30D89E411DF4573E004E0BD7 /* RequestViewModel.m in Sources */,
				30D89E3E1DF4573E004E0BD7 /* Book.m in Sources */,
				30C85E5B1DF452F20018851C /* main.m in Sources */,
				30D89E3F1DF4573E004E0BD7 /* RequestDetailViewController.m in Sources */,
			);
			runOnlyForDeploymentPostprocessing = 0;
		};
/* End PBXSourcesBuildPhase section */

/* Begin PBXVariantGroup section */
		30C85E621DF452F20018851C /* Main.storyboard */ = {
			isa = PBXVariantGroup;
			children = (
				30C85E631DF452F20018851C /* Base */,
			);
			name = Main.storyboard;
			sourceTree = "<group>";
		};
		30C85E671DF452F20018851C /* LaunchScreen.storyboard */ = {
			isa = PBXVariantGroup;
			children = (
				30C85E681DF452F20018851C /* Base */,
			);
			name = LaunchScreen.storyboard;
			sourceTree = "<group>";
		};
/* End PBXVariantGroup section */

/* Begin XCBuildConfiguration section */
		30C85E6B1DF452F20018851C /* Debug */ = {
			isa = XCBuildConfiguration;
			buildSettings = {
				ALWAYS_SEARCH_USER_PATHS = NO;
				CLANG_ANALYZER_NONNULL = YES;
				CLANG_CXX_LANGUAGE_STANDARD = "gnu++0x";
				CLANG_CXX_LIBRARY = "libc++";
				CLANG_ENABLE_MODULES = YES;
				CLANG_ENABLE_OBJC_ARC = YES;
				CLANG_WARN_BOOL_CONVERSION = YES;
				CLANG_WARN_CONSTANT_CONVERSION = YES;
				CLANG_WARN_DIRECT_OBJC_ISA_USAGE = YES_ERROR;
				CLANG_WARN_DOCUMENTATION_COMMENTS = YES;
				CLANG_WARN_EMPTY_BODY = YES;
				CLANG_WARN_ENUM_CONVERSION = YES;
				CLANG_WARN_INFINITE_RECURSION = YES;
				CLANG_WARN_INT_CONVERSION = YES;
				CLANG_WARN_OBJC_ROOT_CLASS = YES_ERROR;
				CLANG_WARN_SUSPICIOUS_MOVES = YES;
				CLANG_WARN_UNREACHABLE_CODE = YES;
				CLANG_WARN__DUPLICATE_METHOD_MATCH = YES;
				"CODE_SIGN_IDENTITY[sdk=iphoneos*]" = "iPhone Developer";
				COPY_PHASE_STRIP = NO;
				DEBUG_INFORMATION_FORMAT = dwarf;
				ENABLE_STRICT_OBJC_MSGSEND = YES;
				ENABLE_TESTABILITY = YES;
				GCC_C_LANGUAGE_STANDARD = gnu99;
				GCC_DYNAMIC_NO_PIC = NO;
				GCC_NO_COMMON_BLOCKS = YES;
				GCC_OPTIMIZATION_LEVEL = 0;
				GCC_PREPROCESSOR_DEFINITIONS = (
					"DEBUG=1",
					"$(inherited)",
				);
				GCC_WARN_64_TO_32_BIT_CONVERSION = YES;
				GCC_WARN_ABOUT_RETURN_TYPE = YES_ERROR;
				GCC_WARN_UNDECLARED_SELECTOR = YES;
				GCC_WARN_UNINITIALIZED_AUTOS = YES_AGGRESSIVE;
				GCC_WARN_UNUSED_FUNCTION = YES;
				GCC_WARN_UNUSED_VARIABLE = YES;
				IPHONEOS_DEPLOYMENT_TARGET = 10.1;
				MTL_ENABLE_DEBUG_INFO = YES;
				ONLY_ACTIVE_ARCH = YES;
				SDKROOT = iphoneos;
				TARGETED_DEVICE_FAMILY = "1,2";
			};
			name = Debug;
		};
		30C85E6C1DF452F20018851C /* Release */ = {
			isa = XCBuildConfiguration;
			buildSettings = {
				ALWAYS_SEARCH_USER_PATHS = NO;
				CLANG_ANALYZER_NONNULL = YES;
				CLANG_CXX_LANGUAGE_STANDARD = "gnu++0x";
				CLANG_CXX_LIBRARY = "libc++";
				CLANG_ENABLE_MODULES = YES;
				CLANG_ENABLE_OBJC_ARC = YES;
				CLANG_WARN_BOOL_CONVERSION = YES;
				CLANG_WARN_CONSTANT_CONVERSION = YES;
				CLANG_WARN_DIRECT_OBJC_ISA_USAGE = YES_ERROR;
				CLANG_WARN_DOCUMENTATION_COMMENTS = YES;
				CLANG_WARN_EMPTY_BODY = YES;
				CLANG_WARN_ENUM_CONVERSION = YES;
				CLANG_WARN_INFINITE_RECURSION = YES;
				CLANG_WARN_INT_CONVERSION = YES;
				CLANG_WARN_OBJC_ROOT_CLASS = YES_ERROR;
				CLANG_WARN_SUSPICIOUS_MOVES = YES;
				CLANG_WARN_UNREACHABLE_CODE = YES;
				CLANG_WARN__DUPLICATE_METHOD_MATCH = YES;
				"CODE_SIGN_IDENTITY[sdk=iphoneos*]" = "iPhone Developer";
				COPY_PHASE_STRIP = NO;
				DEBUG_INFORMATION_FORMAT = "dwarf-with-dsym";
				ENABLE_NS_ASSERTIONS = NO;
				ENABLE_STRICT_OBJC_MSGSEND = YES;
				GCC_C_LANGUAGE_STANDARD = gnu99;
				GCC_NO_COMMON_BLOCKS = YES;
				GCC_WARN_64_TO_32_BIT_CONVERSION = YES;
				GCC_WARN_ABOUT_RETURN_TYPE = YES_ERROR;
				GCC_WARN_UNDECLARED_SELECTOR = YES;
				GCC_WARN_UNINITIALIZED_AUTOS = YES_AGGRESSIVE;
				GCC_WARN_UNUSED_FUNCTION = YES;
				GCC_WARN_UNUSED_VARIABLE = YES;
				IPHONEOS_DEPLOYMENT_TARGET = 10.1;
				MTL_ENABLE_DEBUG_INFO = NO;
				SDKROOT = iphoneos;
				TARGETED_DEVICE_FAMILY = "1,2";
				VALIDATE_PRODUCT = YES;
			};
			name = Release;
		};
		30C85E6E1DF452F20018851C /* Debug */ = {
			isa = XCBuildConfiguration;
			baseConfigurationReference = C25A6D37CB52FD6EE3F4C14C /* Pods-RACDoubanRequest.debug.xcconfig */;
			buildSettings = {
				ASSETCATALOG_COMPILER_APPICON_NAME = AppIcon;
				INFOPLIST_FILE = RACDoubanRequest/Info.plist;
				LD_RUNPATH_SEARCH_PATHS = "$(inherited) @executable_path/Frameworks";
				OTHER_LDFLAGS = "$(inherited)";
				PRODUCT_BUNDLE_IDENTIFIER = com.qsy.RACDoubanRequest;
				PRODUCT_NAME = "$(TARGET_NAME)";
				USER_HEADER_SEARCH_PATHS = "${SRCROOT}/**";
			};
			name = Debug;
		};
		30C85E6F1DF452F20018851C /* Release */ = {
			isa = XCBuildConfiguration;
			baseConfigurationReference = 789C6DE4BC8B282D230163D9 /* Pods-RACDoubanRequest.release.xcconfig */;
			buildSettings = {
				ASSETCATALOG_COMPILER_APPICON_NAME = AppIcon;
				INFOPLIST_FILE = RACDoubanRequest/Info.plist;
				LD_RUNPATH_SEARCH_PATHS = "$(inherited) @executable_path/Frameworks";
				OTHER_LDFLAGS = "$(inherited)";
				PRODUCT_BUNDLE_IDENTIFIER = com.qsy.RACDoubanRequest;
				PRODUCT_NAME = "$(TARGET_NAME)";
				USER_HEADER_SEARCH_PATHS = "${SRCROOT}/**";
			};
			name = Release;
		};
/* End XCBuildConfiguration section */

/* Begin XCConfigurationList section */
		30C85E511DF452F20018851C /* Build configuration list for PBXProject "RACDoubanRequest" */ = {
			isa = XCConfigurationList;
			buildConfigurations = (
				30C85E6B1DF452F20018851C /* Debug */,
				30C85E6C1DF452F20018851C /* Release */,
			);
			defaultConfigurationIsVisible = 0;
			defaultConfigurationName = Release;
		};
		30C85E6D1DF452F20018851C /* Build configuration list for PBXNativeTarget "RACDoubanRequest" */ = {
			isa = XCConfigurationList;
			buildConfigurations = (
				30C85E6E1DF452F20018851C /* Debug */,
				30C85E6F1DF452F20018851C /* Release */,
			);
			defaultConfigurationIsVisible = 0;
			defaultConfigurationName = Release;
		};
/* End XCConfigurationList section */
	};
	rootObject = 30C85E4E1DF452F20018851C /* Project object */;
}
